
Microsoft Visual Studio Solution File, Format Version 12.00
# Visual Studio Version 17
VisualStudioVersion = 17.14.36310.24
MinimumVisualStudioVersion = 10.0.40219.1
Project("{FAE04EC0-301F-11D3-BF4B-00C04F79EFBC}") = "Order.API", "Order.API\Order.API.csproj", "{E618E85B-E896-4DA5-B491-43EA0A20B89D}"
EndProject
Project("{FAE04EC0-301F-11D3-BF4B-00C04F79EFBC}") = "Payment.API", "Payment.API\Payment.API.csproj", "{F80D7017-3479-413B-8959-FCB08B5CDF95}"
EndProject
Project("{FAE04EC0-301F-11D3-BF4B-00C04F79EFBC}") = "Stock.API", "Stock.API\Stock.API.csproj", "{F3A3DEA0-82CC-4061-99F0-BFF5FF9AB9B2}"
EndProject
Project("{FAE04EC0-301F-11D3-BF4B-00C04F79EFBC}") = "Shared", "Shared\Shared.csproj", "{FD9D35B0-EC27-4DE0-B5FA-B68A83E4758C}"
EndProject
Project("{FAE04EC0-301F-11D3-BF4B-00C04F79EFBC}") = "SagaStateMachine.Service", "SagaStateMachine.Service\SagaStateMachine.Service.csproj", "{21DECF74-636E-42DE-88BA-6AC676DE5B95}"
EndProject
Global
	GlobalSection(SolutionConfigurationPlatforms) = preSolution
		Debug|Any CPU = Debug|Any CPU
		Release|Any CPU = Release|Any CPU
	EndGlobalSection
	GlobalSection(ProjectConfigurationPlatforms) = postSolution
		{E618E85B-E896-4DA5-B491-43EA0A20B89D}.Debug|Any CPU.ActiveCfg = Debug|Any CPU
		{E618E85B-E896-4DA5-B491-43EA0A20B89D}.Debug|Any CPU.Build.0 = Debug|Any CPU
		{E618E85B-E896-4DA5-B491-43EA0A20B89D}.Release|Any CPU.ActiveCfg = Release|Any CPU
		{E618E85B-E896-4DA5-B491-43EA0A20B89D}.Release|Any CPU.Build.0 = Release|Any CPU
		{F80D7017-3479-413B-8959-FCB08B5CDF95}.Debug|Any CPU.ActiveCfg = Debug|Any CPU
		{F80D7017-3479-413B-8959-FCB08B5CDF95}.Debug|Any CPU.Build.0 = Debug|Any CPU
		{F80D7017-3479-413B-8959-FCB08B5CDF95}.Release|Any CPU.ActiveCfg = Release|Any CPU
		{F80D7017-3479-413B-8959-FCB08B5CDF95}.Release|Any CPU.Build.0 = Release|Any CPU
		{F3A3DEA0-82CC-4061-99F0-BFF5FF9AB9B2}.Debug|Any CPU.ActiveCfg = Debug|Any CPU
		{F3A3DEA0-82CC-4061-99F0-BFF5FF9AB9B2}.Debug|Any CPU.Build.0 = Debug|Any CPU
		{F3A3DEA0-82CC-4061-99F0-BFF5FF9AB9B2}.Release|Any CPU.ActiveCfg = Release|Any CPU
		{F3A3DEA0-82CC-4061-99F0-BFF5FF9AB9B2}.Release|Any CPU.Build.0 = Release|Any CPU
		{FD9D35B0-EC27-4DE0-B5FA-B68A83E4758C}.Debug|Any CPU.ActiveCfg = Debug|Any CPU
		{FD9D35B0-EC27-4DE0-B5FA-B68A83E4758C}.Debug|Any CPU.Build.0 = Debug|Any CPU
		{FD9D35B0-EC27-4DE0-B5FA-B68A83E4758C}.Release|Any CPU.ActiveCfg = Release|Any CPU
		{FD9D35B0-EC27-4DE0-B5FA-B68A83E4758C}.Release|Any CPU.Build.0 = Release|Any CPU
		{21DECF74-636E-42DE-88BA-6AC676DE5B95}.Debug|Any CPU.ActiveCfg = Debug|Any CPU
		{21DECF74-636E-42DE-88BA-6AC676DE5B95}.Debug|Any CPU.Build.0 = Debug|Any CPU
		{21DECF74-636E-42DE-88BA-6AC676DE5B95}.Release|Any CPU.ActiveCfg = Release|Any CPU
		{21DECF74-636E-42DE-88BA-6AC676DE5B95}.Release|Any CPU.Build.0 = Release|Any CPU
	EndGlobalSection
	GlobalSection(SolutionProperties) = preSolution
		HideSolutionNode = FALSE
	EndGlobalSection
	GlobalSection(ExtensibilityGlobals) = postSolution
		SolutionGuid = {58B0FE25-0F9F-4DA9-A3D4-484BA1F1F061}
	EndGlobalSection
EndGlobal
